
Microsoft Visual Studio Solution File, Format Version 12.00
# Visual Studio Version 16
VisualStudioVersion = 16.0.30002.166
MinimumVisualStudioVersion = 10.0.40219.1
Project("{FAE04EC0-301F-11D3-BF4B-00C04F79EFBC}") = "HelloWeb", "HelloWeb.csproj", "{29330D73-48CF-4083-9098-0A4317FB1B73}"
EndProject
Global
	GlobalSection(SolutionConfigurationPlatforms) = preSolution
		Debug|Any CPU = Debug|Any CPU
		Release|Any CPU = Release|Any CPU
	EndGlobalSection
	GlobalSection(ProjectConfigurationPlatforms) = postSolution
		{29330D73-48CF-4083-9098-0A4317FB1B73}.Debug|Any CPU.ActiveCfg = Debug|Any CPU
		{29330D73-48CF-4083-9098-0A4317FB1B73}.Debug|Any CPU.Build.0 = Debug|Any CPU
		{29330D73-48CF-4083-9098-0A4317FB1B73}.Release|Any CPU.ActiveCfg = Release|Any CPU
		{29330D73-48CF-4083-9098-0A4317FB1B73}.Release|Any CPU.Build.0 = Release|Any CPU
	EndGlobalSection
	GlobalSection(SolutionProperties) = preSolution
		HideSolutionNode = FALSE
	EndGlobalSection
	GlobalSection(ExtensibilityGlobals) = postSolution
		SolutionGuid = {46EE2B32-6DC5-495E-8214-8A6147730EED}
	EndGlobalSection
EndGlobal
